<?xml version="1.0" encoding="utf-8"?>
<Project ToolsVersion="4.0" xmlns="http://schemas.microsoft.com/developer/msbuild/2003">
  <ItemGroup>
    <Filter Include="Lights">
      <UniqueIdentifier>{5066CDC0-3C08-F896-25C3-0BEB11047FE7}</UniqueIdentifier>
    </Filter>
    <Filter Include="Objects">
      <UniqueIdentifier>{CF2649B1-3B06-C84C-441E-5323B07C2EAE}</UniqueIdentifier>
    </Filter>
    <Filter Include="PostProcesses">
      <UniqueIdentifier>{42D5AA1C-AE95-2653-77D0-6FD0E34F6B2F}</UniqueIdentifier>
    </Filter>
  </ItemGroup>
  <ItemGroup>
    <ClInclude Include="src\BVH.h" />
    <ClInclude Include="src\Camera.h" />
    <ClInclude Include="src\ConstMaterial.h" />
    <ClInclude Include="src\Core.h" />
    <ClInclude Include="src\GBufferInfo.h" />
    <ClInclude Include="src\HitInfo.h" />
    <ClInclude Include="src\Lights\AreaLight.h">
      <Filter>Lights</Filter>
    </ClInclude>
    <ClInclude Include="src\Lights\DirectionalLight.h">
      <Filter>Lights</Filter>
    </ClInclude>
    <ClInclude Include="src\Lights\Light.h">
      <Filter>Lights</Filter>
    </ClInclude>
    <ClInclude Include="src\Lights\PointLight.h">
      <Filter>Lights</Filter>
    </ClInclude>
    <ClInclude Include="src\Lights\RectLight.h">
      <Filter>Lights</Filter>
    </ClInclude>
    <ClInclude Include="src\Lights\SpotLight.h">
      <Filter>Lights</Filter>
    </ClInclude>
    <ClInclude Include="src\Material.h" />
    <ClInclude Include="src\Objects\Box.h">
      <Filter>Objects</Filter>
    </ClInclude>
    <ClInclude Include="src\Objects\Mesh.h">
      <Filter>Objects</Filter>
    </ClInclude>
    <ClInclude Include="src\Objects\MeshInstance.h">
      <Filter>Objects</Filter>
    </ClInclude>
    <ClInclude Include="src\Objects\Object.h">
      <Filter>Objects</Filter>
    </ClInclude>
    <ClInclude Include="src\Objects\Sphere.h">
      <Filter>Objects</Filter>
    </ClInclude>
    <ClInclude Include="src\PostProcesses\BilateralFilter.h">
      <Filter>PostProcesses</Filter>
    </ClInclude>
    <ClInclude Include="src\PostProcesses\GammaCorrection.h">
      <Filter>PostProcesses</Filter>
    </ClInclude>
    <ClInclude Include="src\PostProcesses\GaussianBlur.h">
      <Filter>PostProcesses</Filter>
    </ClInclude>
    <ClInclude Include="src\PostProcesses\ModifiedReinhard.h">
      <Filter>PostProcesses</Filter>
    </ClInclude>
    <ClInclude Include="src\PostProcesses\NaiveReinhard.h">
      <Filter>PostProcesses</Filter>
    </ClInclude>
    <ClInclude Include="src\PostProcesses\PostProcess.h">
      <Filter>PostProcesses</Filter>
    </ClInclude>
    <ClInclude Include="src\PostProcesses\PostProcessGroup.h">
      <Filter>PostProcesses</Filter>
    </ClInclude>
    <ClInclude Include="src\RTMath.h" />
    <ClInclude Include="src\ResourceManager.h" />
    <ClInclude Include="src\Scene.h" />
    <ClInclude Include="src\Texture.h" />
    <ClInclude Include="src\PostProcesses\ExtendedBilateralFilter.h">
      <Filter>PostProcesses</Filter>
    </ClInclude>
  </ItemGroup>
  <ItemGroup>
    <ClCompile Include="src\BVH.cpp" />
    <ClCompile Include="src\Camera.cpp" />
    <ClCompile Include="src\Lights\AreaLight.cpp">
      <Filter>Lights</Filter>
    </ClCompile>
    <ClCompile Include="src\Lights\DirectionalLight.cpp">
      <Filter>Lights</Filter>
    </ClCompile>
    <ClCompile Include="src\Lights\Light.cpp">
      <Filter>Lights</Filter>
    </ClCompile>
    <ClCompile Include="src\Lights\PointLight.cpp">
      <Filter>Lights</Filter>
    </ClCompile>
    <ClCompile Include="src\Lights\RectLight.cpp">
      <Filter>Lights</Filter>
    </ClCompile>
    <ClCompile Include="src\Lights\SpotLight.cpp">
      <Filter>Lights</Filter>
    </ClCompile>
    <ClCompile Include="src\Material.cpp" />
    <ClCompile Include="src\Objects\Box.cpp">
      <Filter>Objects</Filter>
    </ClCompile>
    <ClCompile Include="src\Objects\Mesh.cpp">
      <Filter>Objects</Filter>
    </ClCompile>
    <ClCompile Include="src\Objects\MeshInstance.cpp">
      <Filter>Objects</Filter>
    </ClCompile>
    <ClCompile Include="src\Objects\Object.cpp">
      <Filter>Objects</Filter>
    </ClCompile>
    <ClCompile Include="src\Objects\Sphere.cpp">
      <Filter>Objects</Filter>
    </ClCompile>
    <ClCompile Include="src\PostProcesses\BilateralFilter.cpp">
      <Filter>PostProcesses</Filter>
    </ClCompile>
    <ClCompile Include="src\PostProcesses\GammaCorrection.cpp">
      <Filter>PostProcesses</Filter>
    </ClCompile>
    <ClCompile Include="src\PostProcesses\GaussianBlur.cpp">
      <Filter>PostProcesses</Filter>
    </ClCompile>
    <ClCompile Include="src\PostProcesses\ModifiedReinhard.cpp">
      <Filter>PostProcesses</Filter>
    </ClCompile>
    <ClCompile Include="src\PostProcesses\NaiveReinhard.cpp">
      <Filter>PostProcesses</Filter>
    </ClCompile>
    <ClCompile Include="src\PostProcesses\PostProcessGroup.cpp">
      <Filter>PostProcesses</Filter>
    </ClCompile>
    <ClCompile Include="src\RTMath.cpp" />
    <ClCompile Include="src\ResourceManager.cpp" />
    <ClCompile Include="src\Scene.cpp" />
    <ClCompile Include="src\Texture.cpp" />
    <ClCompile Include="src\PostProcesses\ExtendedBilateralFilter.cpp">
      <Filter>PostProcesses</Filter>
    </ClCompile>
  </ItemGroup>
</Project>